
Microsoft Visual Studio Solution File, Format Version 12.00
# Visual Studio Version 16
VisualStudioVersion = 16.0.31613.86
MinimumVisualStudioVersion = 10.0.40219.1
Project("{FAE04EC0-301F-11D3-BF4B-00C04F79EFBC}") = "AksiyonAğTarama", "AksiyonAğTarama.csproj", "{90769C74-DBFA-4D52-8B38-B09C1FAE814A}"
EndProject
Global
	GlobalSection(SolutionConfigurationPlatforms) = preSolution
		Debug|Any CPU = Debug|Any CPU
		Release|Any CPU = Release|Any CPU
	EndGlobalSection
	GlobalSection(ProjectConfigurationPlatforms) = postSolution
		{90769C74-DBFA-4D52-8B38-B09C1FAE814A}.Debug|Any CPU.ActiveCfg = Debug|Any CPU
		{90769C74-DBFA-4D52-8B38-B09C1FAE814A}.Debug|Any CPU.Build.0 = Debug|Any CPU
		{90769C74-DBFA-4D52-8B38-B09C1FAE814A}.Release|Any CPU.ActiveCfg = Release|Any CPU
		{90769C74-DBFA-4D52-8B38-B09C1FAE814A}.Release|Any CPU.Build.0 = Release|Any CPU
	EndGlobalSection
	GlobalSection(SolutionProperties) = preSolution
		HideSolutionNode = FALSE
	EndGlobalSection
	GlobalSection(ExtensibilityGlobals) = postSolution
		SolutionGuid = {764034A1-9040-4977-94B6-6A74F26776D0}
	EndGlobalSection
EndGlobal
